
Microsoft Visual Studio Solution File, Format Version 12.00
# Visual Studio Version 16
VisualStudioVersion = 16.0.29424.173
MinimumVisualStudioVersion = 10.0.40219.1
Project("{FAE04EC0-301F-11D3-BF4B-00C04F79EFBC}") = "BankoProject", "BankoProject.csproj", "{D907E36B-1E87-478E-89B9-21A193FDC3BE}"
EndProject
Project("{FAE04EC0-301F-11D3-BF4B-00C04F79EFBC}") = "Plate-Printer", "..\Printer-Project\Plate-Printer.csproj", "{59197ABE-CCC9-450D-9C57-315BEEEAAB18}"
EndProject
Project("{FAE04EC0-301F-11D3-BF4B-00C04F79EFBC}") = "BingoCardGenerator", "..\BingoCardGenerator\BingoCardGenerator.csproj", "{B8DC75DC-3400-4A30-A3A1-0AF9B2866D89}"
EndProject
Global
	GlobalSection(SolutionConfigurationPlatforms) = preSolution
		Debug|Any CPU = Debug|Any CPU
		Release|Any CPU = Release|Any CPU
	EndGlobalSection
	GlobalSection(ProjectConfigurationPlatforms) = postSolution
		{D907E36B-1E87-478E-89B9-21A193FDC3BE}.Debug|Any CPU.ActiveCfg = Debug|Any CPU
		{D907E36B-1E87-478E-89B9-21A193FDC3BE}.Debug|Any CPU.Build.0 = Debug|Any CPU
		{D907E36B-1E87-478E-89B9-21A193FDC3BE}.Release|Any CPU.ActiveCfg = Release|Any CPU
		{D907E36B-1E87-478E-89B9-21A193FDC3BE}.Release|Any CPU.Build.0 = Release|Any CPU
		{59197ABE-CCC9-450D-9C57-315BEEEAAB18}.Debug|Any CPU.ActiveCfg = Debug|Any CPU
		{59197ABE-CCC9-450D-9C57-315BEEEAAB18}.Debug|Any CPU.Build.0 = Debug|Any CPU
		{59197ABE-CCC9-450D-9C57-315BEEEAAB18}.Release|Any CPU.ActiveCfg = Release|Any CPU
		{B8DC75DC-3400-4A30-A3A1-0AF9B2866D89}.Debug|Any CPU.ActiveCfg = Debug|Any CPU
		{B8DC75DC-3400-4A30-A3A1-0AF9B2866D89}.Debug|Any CPU.Build.0 = Debug|Any CPU
		{B8DC75DC-3400-4A30-A3A1-0AF9B2866D89}.Release|Any CPU.ActiveCfg = Release|Any CPU
		{B8DC75DC-3400-4A30-A3A1-0AF9B2866D89}.Release|Any CPU.Build.0 = Release|Any CPU
	EndGlobalSection
	GlobalSection(SolutionProperties) = preSolution
		HideSolutionNode = FALSE
	EndGlobalSection
	GlobalSection(ExtensibilityGlobals) = postSolution
		SolutionGuid = {A97994AF-40CD-4763-9EB5-FB32B51F7374}
	EndGlobalSection
EndGlobal
